
Microsoft Visual Studio Solution File, Format Version 12.00
# Visual Studio Version 17
VisualStudioVersion = 17.1.32228.430
MinimumVisualStudioVersion = 10.0.40219.1
Project("{FAE04EC0-301F-11D3-BF4B-00C04F79EFBC}") = "SensitiveWordsAPI", "SensitiveWordsAPI\SensitiveWordsAPI.csproj", "{8F9F45A7-3A40-49E6-B4C8-62340AA9D43D}"
EndProject
Global
	GlobalSection(SolutionConfigurationPlatforms) = preSolution
		Debug|Any CPU = Debug|Any CPU
		Release|Any CPU = Release|Any CPU
	EndGlobalSection
	GlobalSection(ProjectConfigurationPlatforms) = postSolution
		{8F9F45A7-3A40-49E6-B4C8-62340AA9D43D}.Debug|Any CPU.ActiveCfg = Debug|Any CPU
		{8F9F45A7-3A40-49E6-B4C8-62340AA9D43D}.Debug|Any CPU.Build.0 = Debug|Any CPU
		{8F9F45A7-3A40-49E6-B4C8-62340AA9D43D}.Release|Any CPU.ActiveCfg = Release|Any CPU
		{8F9F45A7-3A40-49E6-B4C8-62340AA9D43D}.Release|Any CPU.Build.0 = Release|Any CPU
	EndGlobalSection
	GlobalSection(SolutionProperties) = preSolution
		HideSolutionNode = FALSE
	EndGlobalSection
	GlobalSection(ExtensibilityGlobals) = postSolution
		SolutionGuid = {2C527708-B93E-4570-B6C8-318C5BA1D137}
	EndGlobalSection
EndGlobal
